
Microsoft Visual Studio Solution File, Format Version 12.00
# Visual Studio Version 16
VisualStudioVersion = 16.0.31005.135
MinimumVisualStudioVersion = 10.0.40219.1
Project("{FAE04EC0-301F-11D3-BF4B-00C04F79EFBC}") = "WorkInProgress2.Server", "WorkInProgress2\Server\WorkInProgress2.Server.csproj", "{C7702F1A-E31A-4CD3-8C13-D15185060D3C}"
EndProject
Project("{FAE04EC0-301F-11D3-BF4B-00C04F79EFBC}") = "WorkInProgress2.Client", "WorkInProgress2\Client\WorkInProgress2.Client.csproj", "{E1F50949-A62B-42F3-A6EC-0FACEB0E91E0}"
EndProject
Project("{FAE04EC0-301F-11D3-BF4B-00C04F79EFBC}") = "WorkInProgress2.Shared", "WorkInProgress2\Shared\WorkInProgress2.Shared.csproj", "{607371DA-E959-4222-B8BE-00CE23E2F3BA}"
EndProject
Global
	GlobalSection(SolutionConfigurationPlatforms) = preSolution
		Debug|Any CPU = Debug|Any CPU
		Release|Any CPU = Release|Any CPU
	EndGlobalSection
	GlobalSection(ProjectConfigurationPlatforms) = postSolution
		{C7702F1A-E31A-4CD3-8C13-D15185060D3C}.Debug|Any CPU.ActiveCfg = Debug|Any CPU
		{C7702F1A-E31A-4CD3-8C13-D15185060D3C}.Debug|Any CPU.Build.0 = Debug|Any CPU
		{C7702F1A-E31A-4CD3-8C13-D15185060D3C}.Release|Any CPU.ActiveCfg = Release|Any CPU
		{C7702F1A-E31A-4CD3-8C13-D15185060D3C}.Release|Any CPU.Build.0 = Release|Any CPU
		{E1F50949-A62B-42F3-A6EC-0FACEB0E91E0}.Debug|Any CPU.ActiveCfg = Debug|Any CPU
		{E1F50949-A62B-42F3-A6EC-0FACEB0E91E0}.Debug|Any CPU.Build.0 = Debug|Any CPU
		{E1F50949-A62B-42F3-A6EC-0FACEB0E91E0}.Release|Any CPU.ActiveCfg = Release|Any CPU
		{E1F50949-A62B-42F3-A6EC-0FACEB0E91E0}.Release|Any CPU.Build.0 = Release|Any CPU
		{607371DA-E959-4222-B8BE-00CE23E2F3BA}.Debug|Any CPU.ActiveCfg = Debug|Any CPU
		{607371DA-E959-4222-B8BE-00CE23E2F3BA}.Debug|Any CPU.Build.0 = Debug|Any CPU
		{607371DA-E959-4222-B8BE-00CE23E2F3BA}.Release|Any CPU.ActiveCfg = Release|Any CPU
		{607371DA-E959-4222-B8BE-00CE23E2F3BA}.Release|Any CPU.Build.0 = Release|Any CPU
	EndGlobalSection
	GlobalSection(SolutionProperties) = preSolution
		HideSolutionNode = FALSE
	EndGlobalSection
	GlobalSection(ExtensibilityGlobals) = postSolution
		SolutionGuid = {75A1F954-399A-4C5F-8567-90A95356D987}
	EndGlobalSection
EndGlobal
